<?xml version="1.0" encoding="utf-8"?>
<Project ToolsVersion="17.0" xmlns="http://schemas.microsoft.com/developer/msbuild/2003">
  <ItemGroup>
    <CustomBuild Include="D:\wis\Unix\git\GaitSym5\PhysX\PhysX-107.0-physx-5.6.0-flow-2.2.0-blast-5.0.6\physx\compiler\public\CMakeLists.txt" />
  </ItemGroup>
  <ItemGroup>
  </ItemGroup>
</Project>
