<?xml version="1.0" encoding="utf-8"?>
<Project ToolsVersion="17.0" xmlns="http://schemas.microsoft.com/developer/msbuild/2003">
  <ItemGroup>
    <CustomBuild Include="D:\wis\Unix\git\GaitSym5\PhysX\PhysX-107.0-physx-5.6.0-flow-2.2.0-blast-5.0.6\physx\compiler\vc17win64-cpu-only-dynamic-wincrt\CMakeFiles\3f6b373e3fb8686da9996adb2f1478cf\generate.stamp.rule">
      <Filter>CMake Rules</Filter>
    </CustomBuild>
  </ItemGroup>
  <ItemGroup>
    <Filter Include="CMake Rules">
      <UniqueIdentifier>{36445D41-6933-3521-9C0F-EF119566E5B0}</UniqueIdentifier>
    </Filter>
  </ItemGroup>
</Project>
