<?xml version="1.0" encoding="utf-8"?>
<Project ToolsVersion="17.0" xmlns="http://schemas.microsoft.com/developer/msbuild/2003">
  <ItemGroup>
    <ClCompile Include="D:\wis\Unix\git\GaitSym5\PhysX\PhysX-107.0-physx-5.6.0-flow-2.2.0-blast-5.0.6\physx\source\lowlevel\api\src\px_globals.cpp">
      <Filter>API Source</Filter>
    </ClCompile>
    <ClCompile Include="D:\wis\Unix\git\GaitSym5\PhysX\PhysX-107.0-physx-5.6.0-flow-2.2.0-blast-5.0.6\physx\source\lowlevel\common\src\pipeline\PxcContactCache.cpp">
      <Filter>Common Source\pipeline</Filter>
    </ClCompile>
    <ClCompile Include="D:\wis\Unix\git\GaitSym5\PhysX\PhysX-107.0-physx-5.6.0-flow-2.2.0-blast-5.0.6\physx\source\lowlevel\common\src\pipeline\PxcContactMethodImpl.cpp">
      <Filter>Common Source\pipeline</Filter>
    </ClCompile>
    <ClCompile Include="D:\wis\Unix\git\GaitSym5\PhysX\PhysX-107.0-physx-5.6.0-flow-2.2.0-blast-5.0.6\physx\source\lowlevel\common\src\pipeline\PxcMaterialMethodImpl.cpp">
      <Filter>Common Source\pipeline</Filter>
    </ClCompile>
    <ClCompile Include="D:\wis\Unix\git\GaitSym5\PhysX\PhysX-107.0-physx-5.6.0-flow-2.2.0-blast-5.0.6\physx\source\lowlevel\common\src\pipeline\PxcNpBatch.cpp">
      <Filter>Common Source\pipeline</Filter>
    </ClCompile>
    <ClCompile Include="D:\wis\Unix\git\GaitSym5\PhysX\PhysX-107.0-physx-5.6.0-flow-2.2.0-blast-5.0.6\physx\source\lowlevel\common\src\pipeline\PxcNpCacheStreamPair.cpp">
      <Filter>Common Source\pipeline</Filter>
    </ClCompile>
    <ClCompile Include="D:\wis\Unix\git\GaitSym5\PhysX\PhysX-107.0-physx-5.6.0-flow-2.2.0-blast-5.0.6\physx\source\lowlevel\common\src\pipeline\PxcNpContactPrepShared.cpp">
      <Filter>Common Source\pipeline</Filter>
    </ClCompile>
    <ClCompile Include="D:\wis\Unix\git\GaitSym5\PhysX\PhysX-107.0-physx-5.6.0-flow-2.2.0-blast-5.0.6\physx\source\lowlevel\common\src\pipeline\PxcNpMemBlockPool.cpp">
      <Filter>Common Source\pipeline</Filter>
    </ClCompile>
    <ClCompile Include="D:\wis\Unix\git\GaitSym5\PhysX\PhysX-107.0-physx-5.6.0-flow-2.2.0-blast-5.0.6\physx\source\lowlevel\common\src\pipeline\PxcNpThreadContext.cpp">
      <Filter>Common Source\pipeline</Filter>
    </ClCompile>
    <ClCompile Include="D:\wis\Unix\git\GaitSym5\PhysX\PhysX-107.0-physx-5.6.0-flow-2.2.0-blast-5.0.6\physx\source\lowlevel\software\src\PxsCCD.cpp">
      <Filter>Software Source</Filter>
    </ClCompile>
    <ClCompile Include="D:\wis\Unix\git\GaitSym5\PhysX\PhysX-107.0-physx-5.6.0-flow-2.2.0-blast-5.0.6\physx\source\lowlevel\software\src\PxsContactManager.cpp">
      <Filter>Software Source</Filter>
    </ClCompile>
    <ClCompile Include="D:\wis\Unix\git\GaitSym5\PhysX\PhysX-107.0-physx-5.6.0-flow-2.2.0-blast-5.0.6\physx\source\lowlevel\software\src\PxsContext.cpp">
      <Filter>Software Source</Filter>
    </ClCompile>
    <ClCompile Include="D:\wis\Unix\git\GaitSym5\PhysX\PhysX-107.0-physx-5.6.0-flow-2.2.0-blast-5.0.6\physx\source\lowlevel\software\src\PxsDefaultMemoryManager.cpp">
      <Filter>Software Source</Filter>
    </ClCompile>
    <ClCompile Include="D:\wis\Unix\git\GaitSym5\PhysX\PhysX-107.0-physx-5.6.0-flow-2.2.0-blast-5.0.6\physx\source\lowlevel\software\src\PxsIslandSim.cpp">
      <Filter>Software Source</Filter>
    </ClCompile>
    <ClCompile Include="D:\wis\Unix\git\GaitSym5\PhysX\PhysX-107.0-physx-5.6.0-flow-2.2.0-blast-5.0.6\physx\source\lowlevel\software\src\PxsNphaseImplementationContext.cpp">
      <Filter>Software Source</Filter>
    </ClCompile>
    <ClCompile Include="D:\wis\Unix\git\GaitSym5\PhysX\PhysX-107.0-physx-5.6.0-flow-2.2.0-blast-5.0.6\physx\source\lowlevel\software\src\PxsSimpleIslandManager.cpp">
      <Filter>Software Source</Filter>
    </ClCompile>
  </ItemGroup>
  <ItemGroup>
    <ClInclude Include="D:\wis\Unix\git\GaitSym5\PhysX\PhysX-107.0-physx-5.6.0-flow-2.2.0-blast-5.0.6\physx\source\lowlevel\api\include\PxsMaterialShared.h">
      <Filter>API Includes</Filter>
    </ClInclude>
    <ClInclude Include="D:\wis\Unix\git\GaitSym5\PhysX\PhysX-107.0-physx-5.6.0-flow-2.2.0-blast-5.0.6\physx\source\lowlevel\api\include\PxsMaterialCore.h">
      <Filter>API Includes</Filter>
    </ClInclude>
    <ClInclude Include="D:\wis\Unix\git\GaitSym5\PhysX\PhysX-107.0-physx-5.6.0-flow-2.2.0-blast-5.0.6\physx\source\lowlevel\api\include\PxsDeformableSurfaceMaterialCore.h">
      <Filter>API Includes</Filter>
    </ClInclude>
    <ClInclude Include="D:\wis\Unix\git\GaitSym5\PhysX\PhysX-107.0-physx-5.6.0-flow-2.2.0-blast-5.0.6\physx\source\lowlevel\api\include\PxsDeformableVolumeMaterialCore.h">
      <Filter>API Includes</Filter>
    </ClInclude>
    <ClInclude Include="D:\wis\Unix\git\GaitSym5\PhysX\PhysX-107.0-physx-5.6.0-flow-2.2.0-blast-5.0.6\physx\source\lowlevel\api\include\PxsPBDMaterialCore.h">
      <Filter>API Includes</Filter>
    </ClInclude>
    <ClInclude Include="D:\wis\Unix\git\GaitSym5\PhysX\PhysX-107.0-physx-5.6.0-flow-2.2.0-blast-5.0.6\physx\source\lowlevel\api\include\PxsMaterialManager.h">
      <Filter>API Includes</Filter>
    </ClInclude>
    <ClInclude Include="D:\wis\Unix\git\GaitSym5\PhysX\PhysX-107.0-physx-5.6.0-flow-2.2.0-blast-5.0.6\physx\source\lowlevel\api\include\PxvConfig.h">
      <Filter>API Includes</Filter>
    </ClInclude>
    <ClInclude Include="D:\wis\Unix\git\GaitSym5\PhysX\PhysX-107.0-physx-5.6.0-flow-2.2.0-blast-5.0.6\physx\source\lowlevel\api\include\PxvDynamics.h">
      <Filter>API Includes</Filter>
    </ClInclude>
    <ClInclude Include="D:\wis\Unix\git\GaitSym5\PhysX\PhysX-107.0-physx-5.6.0-flow-2.2.0-blast-5.0.6\physx\source\lowlevel\api\include\PxvGeometry.h">
      <Filter>API Includes</Filter>
    </ClInclude>
    <ClInclude Include="D:\wis\Unix\git\GaitSym5\PhysX\PhysX-107.0-physx-5.6.0-flow-2.2.0-blast-5.0.6\physx\source\lowlevel\api\include\PxvGlobals.h">
      <Filter>API Includes</Filter>
    </ClInclude>
    <ClInclude Include="D:\wis\Unix\git\GaitSym5\PhysX\PhysX-107.0-physx-5.6.0-flow-2.2.0-blast-5.0.6\physx\source\lowlevel\api\include\PxvManager.h">
      <Filter>API Includes</Filter>
    </ClInclude>
    <ClInclude Include="D:\wis\Unix\git\GaitSym5\PhysX\PhysX-107.0-physx-5.6.0-flow-2.2.0-blast-5.0.6\physx\source\lowlevel\api\include\PxvSimStats.h">
      <Filter>API Includes</Filter>
    </ClInclude>
    <ClInclude Include="D:\wis\Unix\git\GaitSym5\PhysX\PhysX-107.0-physx-5.6.0-flow-2.2.0-blast-5.0.6\physx\source\lowlevel\common\include\collision\PxcContactMethodImpl.h">
      <Filter>Common Includes\collision</Filter>
    </ClInclude>
    <ClInclude Include="D:\wis\Unix\git\GaitSym5\PhysX\PhysX-107.0-physx-5.6.0-flow-2.2.0-blast-5.0.6\physx\source\lowlevel\common\include\pipeline\PxcConstraintBlockStream.h">
      <Filter>Common Includes\pipeline</Filter>
    </ClInclude>
    <ClInclude Include="D:\wis\Unix\git\GaitSym5\PhysX\PhysX-107.0-physx-5.6.0-flow-2.2.0-blast-5.0.6\physx\source\lowlevel\common\include\pipeline\PxcContactCache.h">
      <Filter>Common Includes\pipeline</Filter>
    </ClInclude>
    <ClInclude Include="D:\wis\Unix\git\GaitSym5\PhysX\PhysX-107.0-physx-5.6.0-flow-2.2.0-blast-5.0.6\physx\source\lowlevel\common\include\pipeline\PxcMaterialMethodImpl.h">
      <Filter>Common Includes\pipeline</Filter>
    </ClInclude>
    <ClInclude Include="D:\wis\Unix\git\GaitSym5\PhysX\PhysX-107.0-physx-5.6.0-flow-2.2.0-blast-5.0.6\physx\source\lowlevel\common\include\pipeline\PxcNpBatch.h">
      <Filter>Common Includes\pipeline</Filter>
    </ClInclude>
    <ClInclude Include="D:\wis\Unix\git\GaitSym5\PhysX\PhysX-107.0-physx-5.6.0-flow-2.2.0-blast-5.0.6\physx\source\lowlevel\common\include\pipeline\PxcNpCache.h">
      <Filter>Common Includes\pipeline</Filter>
    </ClInclude>
    <ClInclude Include="D:\wis\Unix\git\GaitSym5\PhysX\PhysX-107.0-physx-5.6.0-flow-2.2.0-blast-5.0.6\physx\source\lowlevel\common\include\pipeline\PxcNpCacheStreamPair.h">
      <Filter>Common Includes\pipeline</Filter>
    </ClInclude>
    <ClInclude Include="D:\wis\Unix\git\GaitSym5\PhysX\PhysX-107.0-physx-5.6.0-flow-2.2.0-blast-5.0.6\physx\source\lowlevel\common\include\pipeline\PxcNpContactPrepShared.h">
      <Filter>Common Includes\pipeline</Filter>
    </ClInclude>
    <ClInclude Include="D:\wis\Unix\git\GaitSym5\PhysX\PhysX-107.0-physx-5.6.0-flow-2.2.0-blast-5.0.6\physx\source\lowlevel\common\include\pipeline\PxcNpMemBlockPool.h">
      <Filter>Common Includes\pipeline</Filter>
    </ClInclude>
    <ClInclude Include="D:\wis\Unix\git\GaitSym5\PhysX\PhysX-107.0-physx-5.6.0-flow-2.2.0-blast-5.0.6\physx\source\lowlevel\common\include\pipeline\PxcNpThreadContext.h">
      <Filter>Common Includes\pipeline</Filter>
    </ClInclude>
    <ClInclude Include="D:\wis\Unix\git\GaitSym5\PhysX\PhysX-107.0-physx-5.6.0-flow-2.2.0-blast-5.0.6\physx\source\lowlevel\common\include\pipeline\PxcNpWorkUnit.h">
      <Filter>Common Includes\pipeline</Filter>
    </ClInclude>
    <ClInclude Include="D:\wis\Unix\git\GaitSym5\PhysX\PhysX-107.0-physx-5.6.0-flow-2.2.0-blast-5.0.6\physx\source\lowlevel\common\include\utils\PxcScratchAllocator.h">
      <Filter>Common Includes\utils</Filter>
    </ClInclude>
    <ClInclude Include="D:\wis\Unix\git\GaitSym5\PhysX\PhysX-107.0-physx-5.6.0-flow-2.2.0-blast-5.0.6\physx\source\lowlevel\common\include\utils\PxcThreadCoherentCache.h">
      <Filter>Common Includes\utils</Filter>
    </ClInclude>
    <ClInclude Include="D:\wis\Unix\git\GaitSym5\PhysX\PhysX-107.0-physx-5.6.0-flow-2.2.0-blast-5.0.6\physx\source\lowlevel\software\include\PxsCCD.h">
      <Filter>Software Includes</Filter>
    </ClInclude>
    <ClInclude Include="D:\wis\Unix\git\GaitSym5\PhysX\PhysX-107.0-physx-5.6.0-flow-2.2.0-blast-5.0.6\physx\source\lowlevel\software\include\PxsContactManager.h">
      <Filter>Software Includes</Filter>
    </ClInclude>
    <ClInclude Include="D:\wis\Unix\git\GaitSym5\PhysX\PhysX-107.0-physx-5.6.0-flow-2.2.0-blast-5.0.6\physx\source\lowlevel\software\include\PxsContactManagerState.h">
      <Filter>Software Includes</Filter>
    </ClInclude>
    <ClInclude Include="D:\wis\Unix\git\GaitSym5\PhysX\PhysX-107.0-physx-5.6.0-flow-2.2.0-blast-5.0.6\physx\source\lowlevel\software\include\PxsContext.h">
      <Filter>Software Includes</Filter>
    </ClInclude>
    <ClInclude Include="D:\wis\Unix\git\GaitSym5\PhysX\PhysX-107.0-physx-5.6.0-flow-2.2.0-blast-5.0.6\physx\source\lowlevel\software\include\PxsHeapMemoryAllocator.h">
      <Filter>Software Includes</Filter>
    </ClInclude>
    <ClInclude Include="D:\wis\Unix\git\GaitSym5\PhysX\PhysX-107.0-physx-5.6.0-flow-2.2.0-blast-5.0.6\physx\source\lowlevel\software\include\PxsIslandManagerTypes.h">
      <Filter>Software Includes</Filter>
    </ClInclude>
    <ClInclude Include="D:\wis\Unix\git\GaitSym5\PhysX\PhysX-107.0-physx-5.6.0-flow-2.2.0-blast-5.0.6\physx\source\lowlevel\software\include\PxsIslandSim.h">
      <Filter>Software Includes</Filter>
    </ClInclude>
    <ClInclude Include="D:\wis\Unix\git\GaitSym5\PhysX\PhysX-107.0-physx-5.6.0-flow-2.2.0-blast-5.0.6\physx\source\lowlevel\software\include\PxsPartitionEdge.h">
      <Filter>Software Includes</Filter>
    </ClInclude>
    <ClInclude Include="D:\wis\Unix\git\GaitSym5\PhysX\PhysX-107.0-physx-5.6.0-flow-2.2.0-blast-5.0.6\physx\source\lowlevel\software\include\PxsKernelWrangler.h">
      <Filter>Software Includes</Filter>
    </ClInclude>
    <ClInclude Include="D:\wis\Unix\git\GaitSym5\PhysX\PhysX-107.0-physx-5.6.0-flow-2.2.0-blast-5.0.6\physx\source\lowlevel\software\include\PxsMaterialCombiner.h">
      <Filter>Software Includes</Filter>
    </ClInclude>
    <ClInclude Include="D:\wis\Unix\git\GaitSym5\PhysX\PhysX-107.0-physx-5.6.0-flow-2.2.0-blast-5.0.6\physx\source\lowlevel\software\include\PxsMemoryManager.h">
      <Filter>Software Includes</Filter>
    </ClInclude>
    <ClInclude Include="D:\wis\Unix\git\GaitSym5\PhysX\PhysX-107.0-physx-5.6.0-flow-2.2.0-blast-5.0.6\physx\source\lowlevel\software\include\PxsNphaseImplementationContext.h">
      <Filter>Software Includes</Filter>
    </ClInclude>
    <ClInclude Include="D:\wis\Unix\git\GaitSym5\PhysX\PhysX-107.0-physx-5.6.0-flow-2.2.0-blast-5.0.6\physx\source\lowlevel\software\include\PxsRigidBody.h">
      <Filter>Software Includes</Filter>
    </ClInclude>
    <ClInclude Include="D:\wis\Unix\git\GaitSym5\PhysX\PhysX-107.0-physx-5.6.0-flow-2.2.0-blast-5.0.6\physx\source\lowlevel\software\include\PxsParticleBuffer.h">
      <Filter>Software Includes</Filter>
    </ClInclude>
    <ClInclude Include="D:\wis\Unix\git\GaitSym5\PhysX\PhysX-107.0-physx-5.6.0-flow-2.2.0-blast-5.0.6\physx\source\lowlevel\software\include\PxsSimpleIslandManager.h">
      <Filter>Software Includes</Filter>
    </ClInclude>
    <ClInclude Include="D:\wis\Unix\git\GaitSym5\PhysX\PhysX-107.0-physx-5.6.0-flow-2.2.0-blast-5.0.6\physx\source\lowlevel\software\include\PxsSimulationController.h">
      <Filter>Software Includes</Filter>
    </ClInclude>
    <ClInclude Include="D:\wis\Unix\git\GaitSym5\PhysX\PhysX-107.0-physx-5.6.0-flow-2.2.0-blast-5.0.6\physx\source\lowlevel\software\include\PxsTransformCache.h">
      <Filter>Software Includes</Filter>
    </ClInclude>
    <ClInclude Include="D:\wis\Unix\git\GaitSym5\PhysX\PhysX-107.0-physx-5.6.0-flow-2.2.0-blast-5.0.6\physx\source\lowlevel\software\include\PxsNphaseCommon.h">
      <Filter>Software Includes</Filter>
    </ClInclude>
    <ClInclude Include="D:\wis\Unix\git\GaitSym5\PhysX\PhysX-107.0-physx-5.6.0-flow-2.2.0-blast-5.0.6\physx\source\lowlevel\software\include\PxvNphaseImplementationContext.h">
      <Filter>Software Includes</Filter>
    </ClInclude>
  </ItemGroup>
  <ItemGroup>
    <CustomBuild Include="D:\wis\Unix\git\GaitSym5\PhysX\PhysX-107.0-physx-5.6.0-flow-2.2.0-blast-5.0.6\physx\source\compiler\cmake\CMakeLists.txt" />
  </ItemGroup>
  <ItemGroup>
    <Filter Include="API Includes">
      <UniqueIdentifier>{9E65503F-F9B7-3473-93CE-C23B2B82606E}</UniqueIdentifier>
    </Filter>
    <Filter Include="API Source">
      <UniqueIdentifier>{BF35B1FE-F414-395A-9D5B-B0CA128519E1}</UniqueIdentifier>
    </Filter>
    <Filter Include="Common Includes">
      <UniqueIdentifier>{226807A1-797D-380F-B426-C80CA418233A}</UniqueIdentifier>
    </Filter>
    <Filter Include="Common Includes\collision">
      <UniqueIdentifier>{30D3EF9B-6902-33F9-9BAD-64EB34D12AF2}</UniqueIdentifier>
    </Filter>
    <Filter Include="Common Includes\pipeline">
      <UniqueIdentifier>{3A6A8320-58D2-39E6-83BF-491C9FFACAB0}</UniqueIdentifier>
    </Filter>
    <Filter Include="Common Includes\utils">
      <UniqueIdentifier>{020A725A-CEE7-31DC-B6AC-100D4FC795C9}</UniqueIdentifier>
    </Filter>
    <Filter Include="Common Source">
      <UniqueIdentifier>{2C593761-0935-3602-9B46-8F1FC270831D}</UniqueIdentifier>
    </Filter>
    <Filter Include="Common Source\pipeline">
      <UniqueIdentifier>{749B9FA7-C779-3451-8F84-2837526F6399}</UniqueIdentifier>
    </Filter>
    <Filter Include="Software Includes">
      <UniqueIdentifier>{36E91DF9-BEFD-375F-8CC8-F3FB0A44683E}</UniqueIdentifier>
    </Filter>
    <Filter Include="Software Source">
      <UniqueIdentifier>{D889B053-B6F3-313A-978A-2B2588FFA54A}</UniqueIdentifier>
    </Filter>
  </ItemGroup>
</Project>
