
Microsoft Visual Studio Solution File, Format Version 12.00
# Visual Studio Version 17
Project("{2150E333-8FDC-42A3-9474-1A3956D46DE8}") = "CMakePredefinedTargets", "CMakePredefinedTargets", "{879CF488-87EB-39CF-A337-19EDC4BFCCF5}"
EndProject
Project("{2150E333-8FDC-42A3-9474-1A3956D46DE8}") = "PhysX SDK", "PhysX SDK", "{FE3E717F-989F-3132-B082-4A5C32D1AA3D}"
EndProject
Project("{8BC9CEB8-8B4A-11D0-8D11-00A0C91BC942}") = "ALL_BUILD", "ALL_BUILD.vcxproj", "{0403C051-3ED7-3F62-9132-B6D46AA69287}"
	ProjectSection(ProjectDependencies) = postProject
		{CE3D4751-DB2F-3DC2-A21F-9E17382237DB} = {CE3D4751-DB2F-3DC2-A21F-9E17382237DB}
		{81F509E2-A701-357D-AC8A-03CCCCD0BE46} = {81F509E2-A701-357D-AC8A-03CCCCD0BE46}
		{493C7296-7375-3CEF-B3BF-E4A775E06B1D} = {493C7296-7375-3CEF-B3BF-E4A775E06B1D}
		{D941E141-CBD3-34EA-B4D1-638FF1EDD78B} = {D941E141-CBD3-34EA-B4D1-638FF1EDD78B}
		{A5C84F91-25CB-3256-BA55-C9CB1CF7DCDB} = {A5C84F91-25CB-3256-BA55-C9CB1CF7DCDB}
		{31B201BB-02C8-397A-A864-0B5CEE735121} = {31B201BB-02C8-397A-A864-0B5CEE735121}
		{1B7937AF-93D3-3A57-AE75-486F71B306DF} = {1B7937AF-93D3-3A57-AE75-486F71B306DF}
		{06F932C5-5F37-3221-9211-6BE52170E2CB} = {06F932C5-5F37-3221-9211-6BE52170E2CB}
		{97063C09-3868-3113-A16A-2085B7016943} = {97063C09-3868-3113-A16A-2085B7016943}
		{B707CF91-4AC2-3E06-A45B-FDA24EF1DF75} = {B707CF91-4AC2-3E06-A45B-FDA24EF1DF75}
		{B06A898E-712C-32F3-8FC4-71019126CB57} = {B06A898E-712C-32F3-8FC4-71019126CB57}
		{F077CF30-0319-38F0-83CF-831538614D87} = {F077CF30-0319-38F0-83CF-831538614D87}
		{502BDECA-DFFD-3A2B-A23D-C461B568B87A} = {502BDECA-DFFD-3A2B-A23D-C461B568B87A}
		{49D77860-6226-3B9C-BF3A-4C0F52C4BB00} = {49D77860-6226-3B9C-BF3A-4C0F52C4BB00}
		{E3B7DB10-BB8B-3C85-9E91-14A33E17E034} = {E3B7DB10-BB8B-3C85-9E91-14A33E17E034}
	EndProjectSection
EndProject
Project("{8BC9CEB8-8B4A-11D0-8D11-00A0C91BC942}") = "INSTALL", "INSTALL.vcxproj", "{6250D887-3088-3070-A54D-9A4072ED12B1}"
	ProjectSection(ProjectDependencies) = postProject
		{0403C051-3ED7-3F62-9132-B6D46AA69287} = {0403C051-3ED7-3F62-9132-B6D46AA69287}
		{E3B7DB10-BB8B-3C85-9E91-14A33E17E034} = {E3B7DB10-BB8B-3C85-9E91-14A33E17E034}
	EndProjectSection
EndProject
Project("{8BC9CEB8-8B4A-11D0-8D11-00A0C91BC942}") = "LowLevel", "LowLevel.vcxproj", "{CE3D4751-DB2F-3DC2-A21F-9E17382237DB}"
	ProjectSection(ProjectDependencies) = postProject
		{E3B7DB10-BB8B-3C85-9E91-14A33E17E034} = {E3B7DB10-BB8B-3C85-9E91-14A33E17E034}
	EndProjectSection
EndProject
Project("{8BC9CEB8-8B4A-11D0-8D11-00A0C91BC942}") = "LowLevelAABB", "LowLevelAABB.vcxproj", "{81F509E2-A701-357D-AC8A-03CCCCD0BE46}"
	ProjectSection(ProjectDependencies) = postProject
		{E3B7DB10-BB8B-3C85-9E91-14A33E17E034} = {E3B7DB10-BB8B-3C85-9E91-14A33E17E034}
	EndProjectSection
EndProject
Project("{8BC9CEB8-8B4A-11D0-8D11-00A0C91BC942}") = "LowLevelDynamics", "LowLevelDynamics.vcxproj", "{493C7296-7375-3CEF-B3BF-E4A775E06B1D}"
	ProjectSection(ProjectDependencies) = postProject
		{E3B7DB10-BB8B-3C85-9E91-14A33E17E034} = {E3B7DB10-BB8B-3C85-9E91-14A33E17E034}
	EndProjectSection
EndProject
Project("{8BC9CEB8-8B4A-11D0-8D11-00A0C91BC942}") = "PhysX", "PhysX.vcxproj", "{D941E141-CBD3-34EA-B4D1-638FF1EDD78B}"
	ProjectSection(ProjectDependencies) = postProject
		{CE3D4751-DB2F-3DC2-A21F-9E17382237DB} = {CE3D4751-DB2F-3DC2-A21F-9E17382237DB}
		{81F509E2-A701-357D-AC8A-03CCCCD0BE46} = {81F509E2-A701-357D-AC8A-03CCCCD0BE46}
		{493C7296-7375-3CEF-B3BF-E4A775E06B1D} = {493C7296-7375-3CEF-B3BF-E4A775E06B1D}
		{31B201BB-02C8-397A-A864-0B5CEE735121} = {31B201BB-02C8-397A-A864-0B5CEE735121}
		{97063C09-3868-3113-A16A-2085B7016943} = {97063C09-3868-3113-A16A-2085B7016943}
		{B707CF91-4AC2-3E06-A45B-FDA24EF1DF75} = {B707CF91-4AC2-3E06-A45B-FDA24EF1DF75}
		{B06A898E-712C-32F3-8FC4-71019126CB57} = {B06A898E-712C-32F3-8FC4-71019126CB57}
		{502BDECA-DFFD-3A2B-A23D-C461B568B87A} = {502BDECA-DFFD-3A2B-A23D-C461B568B87A}
		{49D77860-6226-3B9C-BF3A-4C0F52C4BB00} = {49D77860-6226-3B9C-BF3A-4C0F52C4BB00}
		{E3B7DB10-BB8B-3C85-9E91-14A33E17E034} = {E3B7DB10-BB8B-3C85-9E91-14A33E17E034}
	EndProjectSection
EndProject
Project("{8BC9CEB8-8B4A-11D0-8D11-00A0C91BC942}") = "PhysXCharacterKinematic", "PhysXCharacterKinematic.vcxproj", "{A5C84F91-25CB-3256-BA55-C9CB1CF7DCDB}"
	ProjectSection(ProjectDependencies) = postProject
		{97063C09-3868-3113-A16A-2085B7016943} = {97063C09-3868-3113-A16A-2085B7016943}
		{E3B7DB10-BB8B-3C85-9E91-14A33E17E034} = {E3B7DB10-BB8B-3C85-9E91-14A33E17E034}
	EndProjectSection
EndProject
Project("{8BC9CEB8-8B4A-11D0-8D11-00A0C91BC942}") = "PhysXCommon", "PhysXCommon.vcxproj", "{31B201BB-02C8-397A-A864-0B5CEE735121}"
	ProjectSection(ProjectDependencies) = postProject
		{97063C09-3868-3113-A16A-2085B7016943} = {97063C09-3868-3113-A16A-2085B7016943}
		{E3B7DB10-BB8B-3C85-9E91-14A33E17E034} = {E3B7DB10-BB8B-3C85-9E91-14A33E17E034}
	EndProjectSection
EndProject
Project("{8BC9CEB8-8B4A-11D0-8D11-00A0C91BC942}") = "PhysXCooking", "PhysXCooking.vcxproj", "{1B7937AF-93D3-3A57-AE75-486F71B306DF}"
	ProjectSection(ProjectDependencies) = postProject
		{31B201BB-02C8-397A-A864-0B5CEE735121} = {31B201BB-02C8-397A-A864-0B5CEE735121}
		{97063C09-3868-3113-A16A-2085B7016943} = {97063C09-3868-3113-A16A-2085B7016943}
		{E3B7DB10-BB8B-3C85-9E91-14A33E17E034} = {E3B7DB10-BB8B-3C85-9E91-14A33E17E034}
	EndProjectSection
EndProject
Project("{8BC9CEB8-8B4A-11D0-8D11-00A0C91BC942}") = "PhysXExtensions", "PhysXExtensions.vcxproj", "{06F932C5-5F37-3221-9211-6BE52170E2CB}"
	ProjectSection(ProjectDependencies) = postProject
		{D941E141-CBD3-34EA-B4D1-638FF1EDD78B} = {D941E141-CBD3-34EA-B4D1-638FF1EDD78B}
		{97063C09-3868-3113-A16A-2085B7016943} = {97063C09-3868-3113-A16A-2085B7016943}
		{B707CF91-4AC2-3E06-A45B-FDA24EF1DF75} = {B707CF91-4AC2-3E06-A45B-FDA24EF1DF75}
		{E3B7DB10-BB8B-3C85-9E91-14A33E17E034} = {E3B7DB10-BB8B-3C85-9E91-14A33E17E034}
	EndProjectSection
EndProject
Project("{8BC9CEB8-8B4A-11D0-8D11-00A0C91BC942}") = "PhysXFoundation", "PhysXFoundation.vcxproj", "{97063C09-3868-3113-A16A-2085B7016943}"
	ProjectSection(ProjectDependencies) = postProject
		{E3B7DB10-BB8B-3C85-9E91-14A33E17E034} = {E3B7DB10-BB8B-3C85-9E91-14A33E17E034}
	EndProjectSection
EndProject
Project("{8BC9CEB8-8B4A-11D0-8D11-00A0C91BC942}") = "PhysXPvdSDK", "PhysXPvdSDK.vcxproj", "{B707CF91-4AC2-3E06-A45B-FDA24EF1DF75}"
	ProjectSection(ProjectDependencies) = postProject
		{97063C09-3868-3113-A16A-2085B7016943} = {97063C09-3868-3113-A16A-2085B7016943}
		{E3B7DB10-BB8B-3C85-9E91-14A33E17E034} = {E3B7DB10-BB8B-3C85-9E91-14A33E17E034}
	EndProjectSection
EndProject
Project("{8BC9CEB8-8B4A-11D0-8D11-00A0C91BC942}") = "PhysXTask", "PhysXTask.vcxproj", "{B06A898E-712C-32F3-8FC4-71019126CB57}"
	ProjectSection(ProjectDependencies) = postProject
		{E3B7DB10-BB8B-3C85-9E91-14A33E17E034} = {E3B7DB10-BB8B-3C85-9E91-14A33E17E034}
	EndProjectSection
EndProject
Project("{8BC9CEB8-8B4A-11D0-8D11-00A0C91BC942}") = "PhysXVehicle2", "PhysXVehicle2.vcxproj", "{F077CF30-0319-38F0-83CF-831538614D87}"
	ProjectSection(ProjectDependencies) = postProject
		{D941E141-CBD3-34EA-B4D1-638FF1EDD78B} = {D941E141-CBD3-34EA-B4D1-638FF1EDD78B}
		{31B201BB-02C8-397A-A864-0B5CEE735121} = {31B201BB-02C8-397A-A864-0B5CEE735121}
		{1B7937AF-93D3-3A57-AE75-486F71B306DF} = {1B7937AF-93D3-3A57-AE75-486F71B306DF}
		{06F932C5-5F37-3221-9211-6BE52170E2CB} = {06F932C5-5F37-3221-9211-6BE52170E2CB}
		{97063C09-3868-3113-A16A-2085B7016943} = {97063C09-3868-3113-A16A-2085B7016943}
		{B707CF91-4AC2-3E06-A45B-FDA24EF1DF75} = {B707CF91-4AC2-3E06-A45B-FDA24EF1DF75}
		{E3B7DB10-BB8B-3C85-9E91-14A33E17E034} = {E3B7DB10-BB8B-3C85-9E91-14A33E17E034}
	EndProjectSection
EndProject
Project("{8BC9CEB8-8B4A-11D0-8D11-00A0C91BC942}") = "SceneQuery", "SceneQuery.vcxproj", "{502BDECA-DFFD-3A2B-A23D-C461B568B87A}"
	ProjectSection(ProjectDependencies) = postProject
		{E3B7DB10-BB8B-3C85-9E91-14A33E17E034} = {E3B7DB10-BB8B-3C85-9E91-14A33E17E034}
	EndProjectSection
EndProject
Project("{8BC9CEB8-8B4A-11D0-8D11-00A0C91BC942}") = "SimulationController", "SimulationController.vcxproj", "{49D77860-6226-3B9C-BF3A-4C0F52C4BB00}"
	ProjectSection(ProjectDependencies) = postProject
		{E3B7DB10-BB8B-3C85-9E91-14A33E17E034} = {E3B7DB10-BB8B-3C85-9E91-14A33E17E034}
	EndProjectSection
EndProject
Project("{8BC9CEB8-8B4A-11D0-8D11-00A0C91BC942}") = "ZERO_CHECK", "..\\ZERO_CHECK.vcxproj", "{E3B7DB10-BB8B-3C85-9E91-14A33E17E034}"
	ProjectSection(ProjectDependencies) = postProject
	EndProjectSection
EndProject
Global
	GlobalSection(SolutionConfigurationPlatforms) = preSolution
		debug|x64 = debug|x64
		checked|x64 = checked|x64
		profile|x64 = profile|x64
		release|x64 = release|x64
	EndGlobalSection
	GlobalSection(ProjectConfigurationPlatforms) = postSolution
		{0403C051-3ED7-3F62-9132-B6D46AA69287}.debug|x64.ActiveCfg = debug|x64
		{0403C051-3ED7-3F62-9132-B6D46AA69287}.debug|x64.Build.0 = debug|x64
		{0403C051-3ED7-3F62-9132-B6D46AA69287}.checked|x64.ActiveCfg = checked|x64
		{0403C051-3ED7-3F62-9132-B6D46AA69287}.checked|x64.Build.0 = checked|x64
		{0403C051-3ED7-3F62-9132-B6D46AA69287}.profile|x64.ActiveCfg = profile|x64
		{0403C051-3ED7-3F62-9132-B6D46AA69287}.profile|x64.Build.0 = profile|x64
		{0403C051-3ED7-3F62-9132-B6D46AA69287}.release|x64.ActiveCfg = release|x64
		{0403C051-3ED7-3F62-9132-B6D46AA69287}.release|x64.Build.0 = release|x64
		{6250D887-3088-3070-A54D-9A4072ED12B1}.debug|x64.ActiveCfg = debug|x64
		{6250D887-3088-3070-A54D-9A4072ED12B1}.checked|x64.ActiveCfg = checked|x64
		{6250D887-3088-3070-A54D-9A4072ED12B1}.profile|x64.ActiveCfg = profile|x64
		{6250D887-3088-3070-A54D-9A4072ED12B1}.release|x64.ActiveCfg = release|x64
		{CE3D4751-DB2F-3DC2-A21F-9E17382237DB}.debug|x64.ActiveCfg = debug|x64
		{CE3D4751-DB2F-3DC2-A21F-9E17382237DB}.debug|x64.Build.0 = debug|x64
		{CE3D4751-DB2F-3DC2-A21F-9E17382237DB}.checked|x64.ActiveCfg = checked|x64
		{CE3D4751-DB2F-3DC2-A21F-9E17382237DB}.checked|x64.Build.0 = checked|x64
		{CE3D4751-DB2F-3DC2-A21F-9E17382237DB}.profile|x64.ActiveCfg = profile|x64
		{CE3D4751-DB2F-3DC2-A21F-9E17382237DB}.profile|x64.Build.0 = profile|x64
		{CE3D4751-DB2F-3DC2-A21F-9E17382237DB}.release|x64.ActiveCfg = release|x64
		{CE3D4751-DB2F-3DC2-A21F-9E17382237DB}.release|x64.Build.0 = release|x64
		{81F509E2-A701-357D-AC8A-03CCCCD0BE46}.debug|x64.ActiveCfg = debug|x64
		{81F509E2-A701-357D-AC8A-03CCCCD0BE46}.debug|x64.Build.0 = debug|x64
		{81F509E2-A701-357D-AC8A-03CCCCD0BE46}.checked|x64.ActiveCfg = checked|x64
		{81F509E2-A701-357D-AC8A-03CCCCD0BE46}.checked|x64.Build.0 = checked|x64
		{81F509E2-A701-357D-AC8A-03CCCCD0BE46}.profile|x64.ActiveCfg = profile|x64
		{81F509E2-A701-357D-AC8A-03CCCCD0BE46}.profile|x64.Build.0 = profile|x64
		{81F509E2-A701-357D-AC8A-03CCCCD0BE46}.release|x64.ActiveCfg = release|x64
		{81F509E2-A701-357D-AC8A-03CCCCD0BE46}.release|x64.Build.0 = release|x64
		{493C7296-7375-3CEF-B3BF-E4A775E06B1D}.debug|x64.ActiveCfg = debug|x64
		{493C7296-7375-3CEF-B3BF-E4A775E06B1D}.debug|x64.Build.0 = debug|x64
		{493C7296-7375-3CEF-B3BF-E4A775E06B1D}.checked|x64.ActiveCfg = checked|x64
		{493C7296-7375-3CEF-B3BF-E4A775E06B1D}.checked|x64.Build.0 = checked|x64
		{493C7296-7375-3CEF-B3BF-E4A775E06B1D}.profile|x64.ActiveCfg = profile|x64
		{493C7296-7375-3CEF-B3BF-E4A775E06B1D}.profile|x64.Build.0 = profile|x64
		{493C7296-7375-3CEF-B3BF-E4A775E06B1D}.release|x64.ActiveCfg = release|x64
		{493C7296-7375-3CEF-B3BF-E4A775E06B1D}.release|x64.Build.0 = release|x64
		{D941E141-CBD3-34EA-B4D1-638FF1EDD78B}.debug|x64.ActiveCfg = debug|x64
		{D941E141-CBD3-34EA-B4D1-638FF1EDD78B}.debug|x64.Build.0 = debug|x64
		{D941E141-CBD3-34EA-B4D1-638FF1EDD78B}.checked|x64.ActiveCfg = checked|x64
		{D941E141-CBD3-34EA-B4D1-638FF1EDD78B}.checked|x64.Build.0 = checked|x64
		{D941E141-CBD3-34EA-B4D1-638FF1EDD78B}.profile|x64.ActiveCfg = profile|x64
		{D941E141-CBD3-34EA-B4D1-638FF1EDD78B}.profile|x64.Build.0 = profile|x64
		{D941E141-CBD3-34EA-B4D1-638FF1EDD78B}.release|x64.ActiveCfg = release|x64
		{D941E141-CBD3-34EA-B4D1-638FF1EDD78B}.release|x64.Build.0 = release|x64
		{A5C84F91-25CB-3256-BA55-C9CB1CF7DCDB}.debug|x64.ActiveCfg = debug|x64
		{A5C84F91-25CB-3256-BA55-C9CB1CF7DCDB}.debug|x64.Build.0 = debug|x64
		{A5C84F91-25CB-3256-BA55-C9CB1CF7DCDB}.checked|x64.ActiveCfg = checked|x64
		{A5C84F91-25CB-3256-BA55-C9CB1CF7DCDB}.checked|x64.Build.0 = checked|x64
		{A5C84F91-25CB-3256-BA55-C9CB1CF7DCDB}.profile|x64.ActiveCfg = profile|x64
		{A5C84F91-25CB-3256-BA55-C9CB1CF7DCDB}.profile|x64.Build.0 = profile|x64
		{A5C84F91-25CB-3256-BA55-C9CB1CF7DCDB}.release|x64.ActiveCfg = release|x64
		{A5C84F91-25CB-3256-BA55-C9CB1CF7DCDB}.release|x64.Build.0 = release|x64
		{31B201BB-02C8-397A-A864-0B5CEE735121}.debug|x64.ActiveCfg = debug|x64
		{31B201BB-02C8-397A-A864-0B5CEE735121}.debug|x64.Build.0 = debug|x64
		{31B201BB-02C8-397A-A864-0B5CEE735121}.checked|x64.ActiveCfg = checked|x64
		{31B201BB-02C8-397A-A864-0B5CEE735121}.checked|x64.Build.0 = checked|x64
		{31B201BB-02C8-397A-A864-0B5CEE735121}.profile|x64.ActiveCfg = profile|x64
		{31B201BB-02C8-397A-A864-0B5CEE735121}.profile|x64.Build.0 = profile|x64
		{31B201BB-02C8-397A-A864-0B5CEE735121}.release|x64.ActiveCfg = release|x64
		{31B201BB-02C8-397A-A864-0B5CEE735121}.release|x64.Build.0 = release|x64
		{1B7937AF-93D3-3A57-AE75-486F71B306DF}.debug|x64.ActiveCfg = debug|x64
		{1B7937AF-93D3-3A57-AE75-486F71B306DF}.debug|x64.Build.0 = debug|x64
		{1B7937AF-93D3-3A57-AE75-486F71B306DF}.checked|x64.ActiveCfg = checked|x64
		{1B7937AF-93D3-3A57-AE75-486F71B306DF}.checked|x64.Build.0 = checked|x64
		{1B7937AF-93D3-3A57-AE75-486F71B306DF}.profile|x64.ActiveCfg = profile|x64
		{1B7937AF-93D3-3A57-AE75-486F71B306DF}.profile|x64.Build.0 = profile|x64
		{1B7937AF-93D3-3A57-AE75-486F71B306DF}.release|x64.ActiveCfg = release|x64
		{1B7937AF-93D3-3A57-AE75-486F71B306DF}.release|x64.Build.0 = release|x64
		{06F932C5-5F37-3221-9211-6BE52170E2CB}.debug|x64.ActiveCfg = debug|x64
		{06F932C5-5F37-3221-9211-6BE52170E2CB}.debug|x64.Build.0 = debug|x64
		{06F932C5-5F37-3221-9211-6BE52170E2CB}.checked|x64.ActiveCfg = checked|x64
		{06F932C5-5F37-3221-9211-6BE52170E2CB}.checked|x64.Build.0 = checked|x64
		{06F932C5-5F37-3221-9211-6BE52170E2CB}.profile|x64.ActiveCfg = profile|x64
		{06F932C5-5F37-3221-9211-6BE52170E2CB}.profile|x64.Build.0 = profile|x64
		{06F932C5-5F37-3221-9211-6BE52170E2CB}.release|x64.ActiveCfg = release|x64
		{06F932C5-5F37-3221-9211-6BE52170E2CB}.release|x64.Build.0 = release|x64
		{97063C09-3868-3113-A16A-2085B7016943}.debug|x64.ActiveCfg = debug|x64
		{97063C09-3868-3113-A16A-2085B7016943}.debug|x64.Build.0 = debug|x64
		{97063C09-3868-3113-A16A-2085B7016943}.checked|x64.ActiveCfg = checked|x64
		{97063C09-3868-3113-A16A-2085B7016943}.checked|x64.Build.0 = checked|x64
		{97063C09-3868-3113-A16A-2085B7016943}.profile|x64.ActiveCfg = profile|x64
		{97063C09-3868-3113-A16A-2085B7016943}.profile|x64.Build.0 = profile|x64
		{97063C09-3868-3113-A16A-2085B7016943}.release|x64.ActiveCfg = release|x64
		{97063C09-3868-3113-A16A-2085B7016943}.release|x64.Build.0 = release|x64
		{B707CF91-4AC2-3E06-A45B-FDA24EF1DF75}.debug|x64.ActiveCfg = debug|x64
		{B707CF91-4AC2-3E06-A45B-FDA24EF1DF75}.debug|x64.Build.0 = debug|x64
		{B707CF91-4AC2-3E06-A45B-FDA24EF1DF75}.checked|x64.ActiveCfg = checked|x64
		{B707CF91-4AC2-3E06-A45B-FDA24EF1DF75}.checked|x64.Build.0 = checked|x64
		{B707CF91-4AC2-3E06-A45B-FDA24EF1DF75}.profile|x64.ActiveCfg = profile|x64
		{B707CF91-4AC2-3E06-A45B-FDA24EF1DF75}.profile|x64.Build.0 = profile|x64
		{B707CF91-4AC2-3E06-A45B-FDA24EF1DF75}.release|x64.ActiveCfg = release|x64
		{B707CF91-4AC2-3E06-A45B-FDA24EF1DF75}.release|x64.Build.0 = release|x64
		{B06A898E-712C-32F3-8FC4-71019126CB57}.debug|x64.ActiveCfg = debug|x64
		{B06A898E-712C-32F3-8FC4-71019126CB57}.debug|x64.Build.0 = debug|x64
		{B06A898E-712C-32F3-8FC4-71019126CB57}.checked|x64.ActiveCfg = checked|x64
		{B06A898E-712C-32F3-8FC4-71019126CB57}.checked|x64.Build.0 = checked|x64
		{B06A898E-712C-32F3-8FC4-71019126CB57}.profile|x64.ActiveCfg = profile|x64
		{B06A898E-712C-32F3-8FC4-71019126CB57}.profile|x64.Build.0 = profile|x64
		{B06A898E-712C-32F3-8FC4-71019126CB57}.release|x64.ActiveCfg = release|x64
		{B06A898E-712C-32F3-8FC4-71019126CB57}.release|x64.Build.0 = release|x64
		{F077CF30-0319-38F0-83CF-831538614D87}.debug|x64.ActiveCfg = debug|x64
		{F077CF30-0319-38F0-83CF-831538614D87}.debug|x64.Build.0 = debug|x64
		{F077CF30-0319-38F0-83CF-831538614D87}.checked|x64.ActiveCfg = checked|x64
		{F077CF30-0319-38F0-83CF-831538614D87}.checked|x64.Build.0 = checked|x64
		{F077CF30-0319-38F0-83CF-831538614D87}.profile|x64.ActiveCfg = profile|x64
		{F077CF30-0319-38F0-83CF-831538614D87}.profile|x64.Build.0 = profile|x64
		{F077CF30-0319-38F0-83CF-831538614D87}.release|x64.ActiveCfg = release|x64
		{F077CF30-0319-38F0-83CF-831538614D87}.release|x64.Build.0 = release|x64
		{502BDECA-DFFD-3A2B-A23D-C461B568B87A}.debug|x64.ActiveCfg = debug|x64
		{502BDECA-DFFD-3A2B-A23D-C461B568B87A}.debug|x64.Build.0 = debug|x64
		{502BDECA-DFFD-3A2B-A23D-C461B568B87A}.checked|x64.ActiveCfg = checked|x64
		{502BDECA-DFFD-3A2B-A23D-C461B568B87A}.checked|x64.Build.0 = checked|x64
		{502BDECA-DFFD-3A2B-A23D-C461B568B87A}.profile|x64.ActiveCfg = profile|x64
		{502BDECA-DFFD-3A2B-A23D-C461B568B87A}.profile|x64.Build.0 = profile|x64
		{502BDECA-DFFD-3A2B-A23D-C461B568B87A}.release|x64.ActiveCfg = release|x64
		{502BDECA-DFFD-3A2B-A23D-C461B568B87A}.release|x64.Build.0 = release|x64
		{49D77860-6226-3B9C-BF3A-4C0F52C4BB00}.debug|x64.ActiveCfg = debug|x64
		{49D77860-6226-3B9C-BF3A-4C0F52C4BB00}.debug|x64.Build.0 = debug|x64
		{49D77860-6226-3B9C-BF3A-4C0F52C4BB00}.checked|x64.ActiveCfg = checked|x64
		{49D77860-6226-3B9C-BF3A-4C0F52C4BB00}.checked|x64.Build.0 = checked|x64
		{49D77860-6226-3B9C-BF3A-4C0F52C4BB00}.profile|x64.ActiveCfg = profile|x64
		{49D77860-6226-3B9C-BF3A-4C0F52C4BB00}.profile|x64.Build.0 = profile|x64
		{49D77860-6226-3B9C-BF3A-4C0F52C4BB00}.release|x64.ActiveCfg = release|x64
		{49D77860-6226-3B9C-BF3A-4C0F52C4BB00}.release|x64.Build.0 = release|x64
		{E3B7DB10-BB8B-3C85-9E91-14A33E17E034}.debug|x64.ActiveCfg = debug|x64
		{E3B7DB10-BB8B-3C85-9E91-14A33E17E034}.debug|x64.Build.0 = debug|x64
		{E3B7DB10-BB8B-3C85-9E91-14A33E17E034}.checked|x64.ActiveCfg = checked|x64
		{E3B7DB10-BB8B-3C85-9E91-14A33E17E034}.checked|x64.Build.0 = checked|x64
		{E3B7DB10-BB8B-3C85-9E91-14A33E17E034}.profile|x64.ActiveCfg = profile|x64
		{E3B7DB10-BB8B-3C85-9E91-14A33E17E034}.profile|x64.Build.0 = profile|x64
		{E3B7DB10-BB8B-3C85-9E91-14A33E17E034}.release|x64.ActiveCfg = release|x64
		{E3B7DB10-BB8B-3C85-9E91-14A33E17E034}.release|x64.Build.0 = release|x64
	EndGlobalSection
	GlobalSection(NestedProjects) = preSolution
		{0403C051-3ED7-3F62-9132-B6D46AA69287} = {879CF488-87EB-39CF-A337-19EDC4BFCCF5}
		{6250D887-3088-3070-A54D-9A4072ED12B1} = {879CF488-87EB-39CF-A337-19EDC4BFCCF5}
		{E3B7DB10-BB8B-3C85-9E91-14A33E17E034} = {879CF488-87EB-39CF-A337-19EDC4BFCCF5}
		{CE3D4751-DB2F-3DC2-A21F-9E17382237DB} = {FE3E717F-989F-3132-B082-4A5C32D1AA3D}
		{81F509E2-A701-357D-AC8A-03CCCCD0BE46} = {FE3E717F-989F-3132-B082-4A5C32D1AA3D}
		{493C7296-7375-3CEF-B3BF-E4A775E06B1D} = {FE3E717F-989F-3132-B082-4A5C32D1AA3D}
		{D941E141-CBD3-34EA-B4D1-638FF1EDD78B} = {FE3E717F-989F-3132-B082-4A5C32D1AA3D}
		{A5C84F91-25CB-3256-BA55-C9CB1CF7DCDB} = {FE3E717F-989F-3132-B082-4A5C32D1AA3D}
		{31B201BB-02C8-397A-A864-0B5CEE735121} = {FE3E717F-989F-3132-B082-4A5C32D1AA3D}
		{1B7937AF-93D3-3A57-AE75-486F71B306DF} = {FE3E717F-989F-3132-B082-4A5C32D1AA3D}
		{06F932C5-5F37-3221-9211-6BE52170E2CB} = {FE3E717F-989F-3132-B082-4A5C32D1AA3D}
		{97063C09-3868-3113-A16A-2085B7016943} = {FE3E717F-989F-3132-B082-4A5C32D1AA3D}
		{B707CF91-4AC2-3E06-A45B-FDA24EF1DF75} = {FE3E717F-989F-3132-B082-4A5C32D1AA3D}
		{B06A898E-712C-32F3-8FC4-71019126CB57} = {FE3E717F-989F-3132-B082-4A5C32D1AA3D}
		{F077CF30-0319-38F0-83CF-831538614D87} = {FE3E717F-989F-3132-B082-4A5C32D1AA3D}
		{502BDECA-DFFD-3A2B-A23D-C461B568B87A} = {FE3E717F-989F-3132-B082-4A5C32D1AA3D}
		{49D77860-6226-3B9C-BF3A-4C0F52C4BB00} = {FE3E717F-989F-3132-B082-4A5C32D1AA3D}
	EndGlobalSection
	GlobalSection(ExtensibilityGlobals) = postSolution
		SolutionGuid = {8DA56BDB-4E5D-3A9E-8433-CD08C612D11E}
	EndGlobalSection
	GlobalSection(ExtensibilityAddIns) = postSolution
	EndGlobalSection
EndGlobal
