<?xml version="1.0" encoding="utf-8"?>
<Project ToolsVersion="17.0" xmlns="http://schemas.microsoft.com/developer/msbuild/2003">
  <ItemGroup>
    <ClCompile Include="D:\wis\Unix\git\GaitSym5\PhysX\PhysX-107.0-physx-5.6.0-flow-2.2.0-blast-5.0.6\physx\source\pvd\src\PxProfileEventImpl.cpp">
      <Filter>src\src</Filter>
    </ClCompile>
    <ClCompile Include="D:\wis\Unix\git\GaitSym5\PhysX\PhysX-107.0-physx-5.6.0-flow-2.2.0-blast-5.0.6\physx\source\pvd\src\PxPvd.cpp">
      <Filter>src\src</Filter>
    </ClCompile>
    <ClCompile Include="D:\wis\Unix\git\GaitSym5\PhysX\PhysX-107.0-physx-5.6.0-flow-2.2.0-blast-5.0.6\physx\source\pvd\src\PxPvdDataStream.cpp">
      <Filter>src\src</Filter>
    </ClCompile>
    <ClCompile Include="D:\wis\Unix\git\GaitSym5\PhysX\PhysX-107.0-physx-5.6.0-flow-2.2.0-blast-5.0.6\physx\source\pvd\src\PxPvdDefaultFileTransport.cpp">
      <Filter>src\src</Filter>
    </ClCompile>
    <ClCompile Include="D:\wis\Unix\git\GaitSym5\PhysX\PhysX-107.0-physx-5.6.0-flow-2.2.0-blast-5.0.6\physx\source\pvd\src\PxPvdDefaultSocketTransport.cpp">
      <Filter>src\src</Filter>
    </ClCompile>
    <ClCompile Include="D:\wis\Unix\git\GaitSym5\PhysX\PhysX-107.0-physx-5.6.0-flow-2.2.0-blast-5.0.6\physx\source\pvd\src\PxPvdImpl.cpp">
      <Filter>src\src</Filter>
    </ClCompile>
    <ClCompile Include="D:\wis\Unix\git\GaitSym5\PhysX\PhysX-107.0-physx-5.6.0-flow-2.2.0-blast-5.0.6\physx\source\pvd\src\PxPvdMemClient.cpp">
      <Filter>src\src</Filter>
    </ClCompile>
    <ClCompile Include="D:\wis\Unix\git\GaitSym5\PhysX\PhysX-107.0-physx-5.6.0-flow-2.2.0-blast-5.0.6\physx\source\pvd\src\PxPvdObjectModelMetaData.cpp">
      <Filter>src\src</Filter>
    </ClCompile>
    <ClCompile Include="D:\wis\Unix\git\GaitSym5\PhysX\PhysX-107.0-physx-5.6.0-flow-2.2.0-blast-5.0.6\physx\source\pvd\src\PxPvdObjectRegistrar.cpp">
      <Filter>src\src</Filter>
    </ClCompile>
    <ClCompile Include="D:\wis\Unix\git\GaitSym5\PhysX\PhysX-107.0-physx-5.6.0-flow-2.2.0-blast-5.0.6\physx\source\pvd\src\PxPvdProfileZoneClient.cpp">
      <Filter>src\src</Filter>
    </ClCompile>
    <ClCompile Include="D:\wis\Unix\git\GaitSym5\PhysX\PhysX-107.0-physx-5.6.0-flow-2.2.0-blast-5.0.6\physx\source\pvd\src\PxPvdUserRenderer.cpp">
      <Filter>src\src</Filter>
    </ClCompile>
  </ItemGroup>
  <ItemGroup>
    <ClInclude Include="D:\wis\Unix\git\GaitSym5\PhysX\PhysX-107.0-physx-5.6.0-flow-2.2.0-blast-5.0.6\physx\include\pvd\PxPvd.h">
      <Filter>include</Filter>
    </ClInclude>
    <ClInclude Include="D:\wis\Unix\git\GaitSym5\PhysX\PhysX-107.0-physx-5.6.0-flow-2.2.0-blast-5.0.6\physx\include\pvd\PxPvdTransport.h">
      <Filter>include</Filter>
    </ClInclude>
    <ClInclude Include="D:\wis\Unix\git\GaitSym5\PhysX\PhysX-107.0-physx-5.6.0-flow-2.2.0-blast-5.0.6\physx\source\filebuf\include\PsFileBuffer.h">
      <Filter>filebuf\include</Filter>
    </ClInclude>
    <ClInclude Include="D:\wis\Unix\git\GaitSym5\PhysX\PhysX-107.0-physx-5.6.0-flow-2.2.0-blast-5.0.6\physx\source\pvd\include\PsPvd.h">
      <Filter>src\include</Filter>
    </ClInclude>
    <ClInclude Include="D:\wis\Unix\git\GaitSym5\PhysX\PhysX-107.0-physx-5.6.0-flow-2.2.0-blast-5.0.6\physx\source\pvd\include\PxProfileAllocatorWrapper.h">
      <Filter>src\include</Filter>
    </ClInclude>
    <ClInclude Include="D:\wis\Unix\git\GaitSym5\PhysX\PhysX-107.0-physx-5.6.0-flow-2.2.0-blast-5.0.6\physx\source\pvd\include\PxPvdClient.h">
      <Filter>src\include</Filter>
    </ClInclude>
    <ClInclude Include="D:\wis\Unix\git\GaitSym5\PhysX\PhysX-107.0-physx-5.6.0-flow-2.2.0-blast-5.0.6\physx\source\pvd\include\PxPvdDataStream.h">
      <Filter>src\include</Filter>
    </ClInclude>
    <ClInclude Include="D:\wis\Unix\git\GaitSym5\PhysX\PhysX-107.0-physx-5.6.0-flow-2.2.0-blast-5.0.6\physx\source\pvd\include\PxPvdDataStreamHelpers.h">
      <Filter>src\include</Filter>
    </ClInclude>
    <ClInclude Include="D:\wis\Unix\git\GaitSym5\PhysX\PhysX-107.0-physx-5.6.0-flow-2.2.0-blast-5.0.6\physx\source\pvd\include\PxPvdErrorCodes.h">
      <Filter>src\include</Filter>
    </ClInclude>
    <ClInclude Include="D:\wis\Unix\git\GaitSym5\PhysX\PhysX-107.0-physx-5.6.0-flow-2.2.0-blast-5.0.6\physx\source\pvd\include\PxPvdObjectModelBaseTypes.h">
      <Filter>src\include</Filter>
    </ClInclude>
    <ClInclude Include="D:\wis\Unix\git\GaitSym5\PhysX\PhysX-107.0-physx-5.6.0-flow-2.2.0-blast-5.0.6\physx\source\pvd\include\PxPvdUserRenderer.h">
      <Filter>src\include</Filter>
    </ClInclude>
    <ClInclude Include="D:\wis\Unix\git\GaitSym5\PhysX\PhysX-107.0-physx-5.6.0-flow-2.2.0-blast-5.0.6\physx\source\pvd\src\PxProfileContextProvider.h">
      <Filter>src\src</Filter>
    </ClInclude>
    <ClInclude Include="D:\wis\Unix\git\GaitSym5\PhysX\PhysX-107.0-physx-5.6.0-flow-2.2.0-blast-5.0.6\physx\source\pvd\src\PxProfileContextProviderImpl.h">
      <Filter>src\src</Filter>
    </ClInclude>
    <ClInclude Include="D:\wis\Unix\git\GaitSym5\PhysX\PhysX-107.0-physx-5.6.0-flow-2.2.0-blast-5.0.6\physx\source\pvd\src\PxProfileDataBuffer.h">
      <Filter>src\src</Filter>
    </ClInclude>
    <ClInclude Include="D:\wis\Unix\git\GaitSym5\PhysX\PhysX-107.0-physx-5.6.0-flow-2.2.0-blast-5.0.6\physx\source\pvd\src\PxProfileDataParsing.h">
      <Filter>src\src</Filter>
    </ClInclude>
    <ClInclude Include="D:\wis\Unix\git\GaitSym5\PhysX\PhysX-107.0-physx-5.6.0-flow-2.2.0-blast-5.0.6\physx\source\pvd\src\PxProfileEventBuffer.h">
      <Filter>src\src</Filter>
    </ClInclude>
    <ClInclude Include="D:\wis\Unix\git\GaitSym5\PhysX\PhysX-107.0-physx-5.6.0-flow-2.2.0-blast-5.0.6\physx\source\pvd\src\PxProfileEventBufferAtomic.h">
      <Filter>src\src</Filter>
    </ClInclude>
    <ClInclude Include="D:\wis\Unix\git\GaitSym5\PhysX\PhysX-107.0-physx-5.6.0-flow-2.2.0-blast-5.0.6\physx\source\pvd\src\PxProfileEventBufferClient.h">
      <Filter>src\src</Filter>
    </ClInclude>
    <ClInclude Include="D:\wis\Unix\git\GaitSym5\PhysX\PhysX-107.0-physx-5.6.0-flow-2.2.0-blast-5.0.6\physx\source\pvd\src\PxProfileEventBufferClientManager.h">
      <Filter>src\src</Filter>
    </ClInclude>
    <ClInclude Include="D:\wis\Unix\git\GaitSym5\PhysX\PhysX-107.0-physx-5.6.0-flow-2.2.0-blast-5.0.6\physx\source\pvd\src\PxProfileEventId.h">
      <Filter>src\src</Filter>
    </ClInclude>
    <ClInclude Include="D:\wis\Unix\git\GaitSym5\PhysX\PhysX-107.0-physx-5.6.0-flow-2.2.0-blast-5.0.6\physx\source\pvd\src\PxProfileEventMutex.h">
      <Filter>src\src</Filter>
    </ClInclude>
    <ClInclude Include="D:\wis\Unix\git\GaitSym5\PhysX\PhysX-107.0-physx-5.6.0-flow-2.2.0-blast-5.0.6\physx\source\pvd\src\PxProfileEventNames.h">
      <Filter>src\src</Filter>
    </ClInclude>
    <ClInclude Include="D:\wis\Unix\git\GaitSym5\PhysX\PhysX-107.0-physx-5.6.0-flow-2.2.0-blast-5.0.6\physx\source\pvd\src\PxProfileEvents.h">
      <Filter>src\src</Filter>
    </ClInclude>
    <ClInclude Include="D:\wis\Unix\git\GaitSym5\PhysX\PhysX-107.0-physx-5.6.0-flow-2.2.0-blast-5.0.6\physx\source\pvd\src\PxProfileEventSender.h">
      <Filter>src\src</Filter>
    </ClInclude>
    <ClInclude Include="D:\wis\Unix\git\GaitSym5\PhysX\PhysX-107.0-physx-5.6.0-flow-2.2.0-blast-5.0.6\physx\source\pvd\src\PxProfileEventSerialization.h">
      <Filter>src\src</Filter>
    </ClInclude>
    <ClInclude Include="D:\wis\Unix\git\GaitSym5\PhysX\PhysX-107.0-physx-5.6.0-flow-2.2.0-blast-5.0.6\physx\source\pvd\src\PxProfileMemory.h">
      <Filter>src\src</Filter>
    </ClInclude>
    <ClInclude Include="D:\wis\Unix\git\GaitSym5\PhysX\PhysX-107.0-physx-5.6.0-flow-2.2.0-blast-5.0.6\physx\source\pvd\src\PxProfileMemoryBuffer.h">
      <Filter>src\src</Filter>
    </ClInclude>
    <ClInclude Include="D:\wis\Unix\git\GaitSym5\PhysX\PhysX-107.0-physx-5.6.0-flow-2.2.0-blast-5.0.6\physx\source\pvd\src\PxProfileMemoryEventBuffer.h">
      <Filter>src\src</Filter>
    </ClInclude>
    <ClInclude Include="D:\wis\Unix\git\GaitSym5\PhysX\PhysX-107.0-physx-5.6.0-flow-2.2.0-blast-5.0.6\physx\source\pvd\src\PxProfileMemoryEvents.h">
      <Filter>src\src</Filter>
    </ClInclude>
    <ClInclude Include="D:\wis\Unix\git\GaitSym5\PhysX\PhysX-107.0-physx-5.6.0-flow-2.2.0-blast-5.0.6\physx\source\pvd\src\PxProfileScopedEvent.h">
      <Filter>src\src</Filter>
    </ClInclude>
    <ClInclude Include="D:\wis\Unix\git\GaitSym5\PhysX\PhysX-107.0-physx-5.6.0-flow-2.2.0-blast-5.0.6\physx\source\pvd\src\PxProfileScopedMutexLock.h">
      <Filter>src\src</Filter>
    </ClInclude>
    <ClInclude Include="D:\wis\Unix\git\GaitSym5\PhysX\PhysX-107.0-physx-5.6.0-flow-2.2.0-blast-5.0.6\physx\source\pvd\src\PxPvdProfileZone.h">
      <Filter>src\src</Filter>
    </ClInclude>
    <ClInclude Include="D:\wis\Unix\git\GaitSym5\PhysX\PhysX-107.0-physx-5.6.0-flow-2.2.0-blast-5.0.6\physx\source\pvd\src\PxProfileZoneImpl.h">
      <Filter>src\src</Filter>
    </ClInclude>
    <ClInclude Include="D:\wis\Unix\git\GaitSym5\PhysX\PhysX-107.0-physx-5.6.0-flow-2.2.0-blast-5.0.6\physx\source\pvd\src\PxProfileZoneManager.h">
      <Filter>src\src</Filter>
    </ClInclude>
    <ClInclude Include="D:\wis\Unix\git\GaitSym5\PhysX\PhysX-107.0-physx-5.6.0-flow-2.2.0-blast-5.0.6\physx\source\pvd\src\PxProfileZoneManagerImpl.h">
      <Filter>src\src</Filter>
    </ClInclude>
    <ClInclude Include="D:\wis\Unix\git\GaitSym5\PhysX\PhysX-107.0-physx-5.6.0-flow-2.2.0-blast-5.0.6\physx\source\pvd\src\PxPvdBits.h">
      <Filter>src\src</Filter>
    </ClInclude>
    <ClInclude Include="D:\wis\Unix\git\GaitSym5\PhysX\PhysX-107.0-physx-5.6.0-flow-2.2.0-blast-5.0.6\physx\source\pvd\src\PxPvdByteStreams.h">
      <Filter>src\src</Filter>
    </ClInclude>
    <ClInclude Include="D:\wis\Unix\git\GaitSym5\PhysX\PhysX-107.0-physx-5.6.0-flow-2.2.0-blast-5.0.6\physx\source\pvd\src\PxPvdCommStreamEvents.h">
      <Filter>src\src</Filter>
    </ClInclude>
    <ClInclude Include="D:\wis\Unix\git\GaitSym5\PhysX\PhysX-107.0-physx-5.6.0-flow-2.2.0-blast-5.0.6\physx\source\pvd\src\PxPvdCommStreamEventSink.h">
      <Filter>src\src</Filter>
    </ClInclude>
    <ClInclude Include="D:\wis\Unix\git\GaitSym5\PhysX\PhysX-107.0-physx-5.6.0-flow-2.2.0-blast-5.0.6\physx\source\pvd\src\PxPvdCommStreamTypes.h">
      <Filter>src\src</Filter>
    </ClInclude>
    <ClInclude Include="D:\wis\Unix\git\GaitSym5\PhysX\PhysX-107.0-physx-5.6.0-flow-2.2.0-blast-5.0.6\physx\source\pvd\src\PxPvdDefaultFileTransport.h">
      <Filter>src\src</Filter>
    </ClInclude>
    <ClInclude Include="D:\wis\Unix\git\GaitSym5\PhysX\PhysX-107.0-physx-5.6.0-flow-2.2.0-blast-5.0.6\physx\source\pvd\src\PxPvdDefaultSocketTransport.h">
      <Filter>src\src</Filter>
    </ClInclude>
    <ClInclude Include="D:\wis\Unix\git\GaitSym5\PhysX\PhysX-107.0-physx-5.6.0-flow-2.2.0-blast-5.0.6\physx\source\pvd\src\PxPvdFoundation.h">
      <Filter>src\src</Filter>
    </ClInclude>
    <ClInclude Include="D:\wis\Unix\git\GaitSym5\PhysX\PhysX-107.0-physx-5.6.0-flow-2.2.0-blast-5.0.6\physx\source\pvd\src\PxPvdImpl.h">
      <Filter>src\src</Filter>
    </ClInclude>
    <ClInclude Include="D:\wis\Unix\git\GaitSym5\PhysX\PhysX-107.0-physx-5.6.0-flow-2.2.0-blast-5.0.6\physx\source\pvd\src\PxPvdInternalByteStreams.h">
      <Filter>src\src</Filter>
    </ClInclude>
    <ClInclude Include="D:\wis\Unix\git\GaitSym5\PhysX\PhysX-107.0-physx-5.6.0-flow-2.2.0-blast-5.0.6\physx\source\pvd\src\PxPvdMarshalling.h">
      <Filter>src\src</Filter>
    </ClInclude>
    <ClInclude Include="D:\wis\Unix\git\GaitSym5\PhysX\PhysX-107.0-physx-5.6.0-flow-2.2.0-blast-5.0.6\physx\source\pvd\src\PxPvdMemClient.h">
      <Filter>src\src</Filter>
    </ClInclude>
    <ClInclude Include="D:\wis\Unix\git\GaitSym5\PhysX\PhysX-107.0-physx-5.6.0-flow-2.2.0-blast-5.0.6\physx\source\pvd\src\PxPvdObjectModelInternalTypeDefs.h">
      <Filter>src\src</Filter>
    </ClInclude>
    <ClInclude Include="D:\wis\Unix\git\GaitSym5\PhysX\PhysX-107.0-physx-5.6.0-flow-2.2.0-blast-5.0.6\physx\source\pvd\src\PxPvdObjectModelInternalTypes.h">
      <Filter>src\src</Filter>
    </ClInclude>
    <ClInclude Include="D:\wis\Unix\git\GaitSym5\PhysX\PhysX-107.0-physx-5.6.0-flow-2.2.0-blast-5.0.6\physx\source\pvd\src\PxPvdObjectModelMetaData.h">
      <Filter>src\src</Filter>
    </ClInclude>
    <ClInclude Include="D:\wis\Unix\git\GaitSym5\PhysX\PhysX-107.0-physx-5.6.0-flow-2.2.0-blast-5.0.6\physx\source\pvd\src\PxPvdObjectRegistrar.h">
      <Filter>src\src</Filter>
    </ClInclude>
    <ClInclude Include="D:\wis\Unix\git\GaitSym5\PhysX\PhysX-107.0-physx-5.6.0-flow-2.2.0-blast-5.0.6\physx\source\pvd\src\PxPvdProfileZoneClient.h">
      <Filter>src\src</Filter>
    </ClInclude>
    <ClInclude Include="D:\wis\Unix\git\GaitSym5\PhysX\PhysX-107.0-physx-5.6.0-flow-2.2.0-blast-5.0.6\physx\source\pvd\src\PxPvdUserRenderImpl.h">
      <Filter>src\src</Filter>
    </ClInclude>
    <ClInclude Include="D:\wis\Unix\git\GaitSym5\PhysX\PhysX-107.0-physx-5.6.0-flow-2.2.0-blast-5.0.6\physx\source\pvd\src\PxPvdUserRenderTypes.h">
      <Filter>src\src</Filter>
    </ClInclude>
  </ItemGroup>
  <ItemGroup>
    <CustomBuild Include="D:\wis\Unix\git\GaitSym5\PhysX\PhysX-107.0-physx-5.6.0-flow-2.2.0-blast-5.0.6\physx\source\compiler\cmake\CMakeLists.txt" />
  </ItemGroup>
  <ItemGroup>
    <Filter Include="filebuf">
      <UniqueIdentifier>{646AC74C-E619-3B72-BA1F-889F94AE36DF}</UniqueIdentifier>
    </Filter>
    <Filter Include="filebuf\include">
      <UniqueIdentifier>{7EDA357A-C48A-314F-8CB2-A660D839135C}</UniqueIdentifier>
    </Filter>
    <Filter Include="include">
      <UniqueIdentifier>{251265A2-B953-3F42-ACB8-3D4421F992D8}</UniqueIdentifier>
    </Filter>
    <Filter Include="src">
      <UniqueIdentifier>{EEDA8D1F-D657-3989-866B-4ABDD397D084}</UniqueIdentifier>
    </Filter>
    <Filter Include="src\include">
      <UniqueIdentifier>{9EAC6D8A-D577-39DB-9DBF-FA1D7D2EA8AD}</UniqueIdentifier>
    </Filter>
    <Filter Include="src\src">
      <UniqueIdentifier>{D21B3FC1-1A92-379A-BEE5-C0264CF23BB7}</UniqueIdentifier>
    </Filter>
  </ItemGroup>
</Project>
